<?xml version="1.0" encoding="utf-8"?>
<Project ToolsVersion="4.0" xmlns="http://schemas.microsoft.com/developer/msbuild/2003">
  <ItemGroup>
    <ClCompile Include="pch.cpp">
      <Filter>Source Files</Filter>
    </ClCompile>
    <ClCompile Include="TestBus.cpp">
      <Filter>Source Files</Filter>
    </ClCompile>
    <ClCompile Include="TestGateBase.cpp">
      <Filter>Source Files</Filter>
    </ClCompile>
    <ClCompile Include="TestGates.cpp">
      <Filter>Source Files</Filter>
    </ClCompile>
    <ClCompile Include="TestIOState.cpp">
      <Filter>Source Files</Filter>
    </ClCompile>
    <ClCompile Include="TestLogicTools.cpp">
      <Filter>Source Files</Filter>
    </ClCompile>
  </ItemGroup>
  <ItemGroup>
    <ClInclude Include="TestCommon.h">
      <Filter>Header Files</Filter>
    </ClInclude>
    <ClInclude Include="pch.h">
      <Filter>Header Files</Filter>
    </ClInclude>
  </ItemGroup>
  <ItemGroup>
    <None Include="packages.config" />
  </ItemGroup>
  <ItemGroup>
    <Filter Include="Header Files">
      <UniqueIdentifier>{bc0bf17f-8cba-495d-b953-97a2c0a5d6eb}</UniqueIdentifier>
      <Extensions>h;hh;hpp;hxx;hm;inl;inc;ipp;xsd</Extensions>
    </Filter>
    <Filter Include="Source Files">
      <UniqueIdentifier>{8d91b619-e5cb-4114-b4a8-72c1bd096280}</UniqueIdentifier>
      <Extensions>cpp;c;cc;cxx;def;odl;idl;hpj;bat;asm;asmx</Extensions>
    </Filter>
  </ItemGroup>
</Project>