
Microsoft Visual Studio Solution File, Format Version 12.00
# Visual Studio 15
VisualStudioVersion = 15.0.27428.2037
MinimumVisualStudioVersion = 10.0.40219.1
Project("{8BC9CEB8-8B4A-11D0-8D11-00A0C91BC942}") = "proto", "proto.vcxproj", "{2AAB4B8B-5C55-4AC7-8D87-2392F53E7991}"
EndProject
Project("{2150E333-8FDC-42A3-9474-1A3956D46DE8}") = "Solution Items", "Solution Items", "{1605BDF2-B7F7-45E4-AB1D-320B060E76C4}"
EndProject
Global
	GlobalSection(SolutionConfigurationPlatforms) = preSolution
		Debug|x64 = Debug|x64
		Debug|x86 = Debug|x86
		Release|x64 = Release|x64
		Release|x86 = Release|x86
		UnitTests|x64 = UnitTests|x64
		UnitTests|x86 = UnitTests|x86
	EndGlobalSection
	GlobalSection(ProjectConfigurationPlatforms) = postSolution
		{2AAB4B8B-5C55-4AC7-8D87-2392F53E7991}.Debug|x64.ActiveCfg = Debug|x64
		{2AAB4B8B-5C55-4AC7-8D87-2392F53E7991}.Debug|x64.Build.0 = Debug|x64
		{2AAB4B8B-5C55-4AC7-8D87-2392F53E7991}.Debug|x86.ActiveCfg = Debug|Win32
		{2AAB4B8B-5C55-4AC7-8D87-2392F53E7991}.Debug|x86.Build.0 = Debug|Win32
		{2AAB4B8B-5C55-4AC7-8D87-2392F53E7991}.Release|x64.ActiveCfg = Release|x64
		{2AAB4B8B-5C55-4AC7-8D87-2392F53E7991}.Release|x64.Build.0 = Release|x64
		{2AAB4B8B-5C55-4AC7-8D87-2392F53E7991}.Release|x86.ActiveCfg = Release|Win32
		{2AAB4B8B-5C55-4AC7-8D87-2392F53E7991}.Release|x86.Build.0 = Release|Win32
		{2AAB4B8B-5C55-4AC7-8D87-2392F53E7991}.UnitTests|x64.ActiveCfg = UnitTests|x64
		{2AAB4B8B-5C55-4AC7-8D87-2392F53E7991}.UnitTests|x64.Build.0 = UnitTests|x64
		{2AAB4B8B-5C55-4AC7-8D87-2392F53E7991}.UnitTests|x86.ActiveCfg = UnitTests|Win32
		{2AAB4B8B-5C55-4AC7-8D87-2392F53E7991}.UnitTests|x86.Build.0 = UnitTests|Win32
	EndGlobalSection
	GlobalSection(SolutionProperties) = preSolution
		HideSolutionNode = FALSE
	EndGlobalSection
	GlobalSection(ExtensibilityGlobals) = postSolution
		SolutionGuid = {D6D363CB-1487-47E8-95E7-DD6608D62431}
	EndGlobalSection
EndGlobal
